
Microsoft Visual Studio Solution File, Format Version 12.00
# Visual Studio 2013
VisualStudioVersion = 12.0.21005.1
MinimumVisualStudioVersion = 10.0.40219.1
Project("{FAE04EC0-301F-11D3-BF4B-00C04F79EFBC}") = "Deacon Database Manager", "Deacon Database Manager\Deacon Database Manager.csproj", "{11D39323-C45F-486A-910E-9D4F3031D246}"
EndProject
Project("{FAE04EC0-301F-11D3-BF4B-00C04F79EFBC}") = "DatabaseManagerTests", "DatabaseManagerTests\DatabaseManagerTests.csproj", "{8D35AE02-0DC9-4EED-803E-8A54FE8CCE33}"
EndProject
Project("{FAE04EC0-301F-11D3-BF4B-00C04F79EFBC}") = "DeaconBaseLib", "DeaconBaseLib\DeaconBaseLib.csproj", "{D92A8415-CD88-47F4-A991-484929646BCB}"
EndProject
Project("{FAE04EC0-301F-11D3-BF4B-00C04F79EFBC}") = "DeaconBaseLibTests", "DeaconBaseTestLib\DeaconBaseLibTests.csproj", "{F73D911A-29F3-499A-AA6F-0F7568C5E44F}"
EndProject
Global
	GlobalSection(SolutionConfigurationPlatforms) = preSolution
		Debug|Any CPU = Debug|Any CPU
		Release|Any CPU = Release|Any CPU
	EndGlobalSection
	GlobalSection(ProjectConfigurationPlatforms) = postSolution
		{11D39323-C45F-486A-910E-9D4F3031D246}.Debug|Any CPU.ActiveCfg = Debug|Any CPU
		{11D39323-C45F-486A-910E-9D4F3031D246}.Debug|Any CPU.Build.0 = Debug|Any CPU
		{11D39323-C45F-486A-910E-9D4F3031D246}.Release|Any CPU.ActiveCfg = Release|Any CPU
		{11D39323-C45F-486A-910E-9D4F3031D246}.Release|Any CPU.Build.0 = Release|Any CPU
		{8D35AE02-0DC9-4EED-803E-8A54FE8CCE33}.Debug|Any CPU.ActiveCfg = Debug|Any CPU
		{8D35AE02-0DC9-4EED-803E-8A54FE8CCE33}.Debug|Any CPU.Build.0 = Debug|Any CPU
		{8D35AE02-0DC9-4EED-803E-8A54FE8CCE33}.Release|Any CPU.ActiveCfg = Release|Any CPU
		{8D35AE02-0DC9-4EED-803E-8A54FE8CCE33}.Release|Any CPU.Build.0 = Release|Any CPU
		{D92A8415-CD88-47F4-A991-484929646BCB}.Debug|Any CPU.ActiveCfg = Debug|Any CPU
		{D92A8415-CD88-47F4-A991-484929646BCB}.Debug|Any CPU.Build.0 = Debug|Any CPU
		{D92A8415-CD88-47F4-A991-484929646BCB}.Release|Any CPU.ActiveCfg = Release|Any CPU
		{D92A8415-CD88-47F4-A991-484929646BCB}.Release|Any CPU.Build.0 = Release|Any CPU
		{F73D911A-29F3-499A-AA6F-0F7568C5E44F}.Debug|Any CPU.ActiveCfg = Debug|Any CPU
		{F73D911A-29F3-499A-AA6F-0F7568C5E44F}.Debug|Any CPU.Build.0 = Debug|Any CPU
		{F73D911A-29F3-499A-AA6F-0F7568C5E44F}.Release|Any CPU.ActiveCfg = Release|Any CPU
		{F73D911A-29F3-499A-AA6F-0F7568C5E44F}.Release|Any CPU.Build.0 = Release|Any CPU
	EndGlobalSection
	GlobalSection(SolutionProperties) = preSolution
		HideSolutionNode = FALSE
	EndGlobalSection
EndGlobal
